
Microsoft Visual Studio Solution File, Format Version 12.00
# Visual Studio Version 17
VisualStudioVersion = 17.1.32328.378
MinimumVisualStudioVersion = 10.0.40219.1
Project("{FAE04EC0-301F-11D3-BF4B-00C04F79EFBC}") = "App2.Android", "App2\App2.Android\App2.Android.csproj", "{3353CB33-6C58-46DB-BBE7-800C6495F085}"
EndProject
Project("{FAE04EC0-301F-11D3-BF4B-00C04F79EFBC}") = "App2.iOS", "App2\App2.iOS\App2.iOS.csproj", "{D95B3CA6-DB24-4AA2-A0F1-B478798EDA44}"
EndProject
Project("{FAE04EC0-301F-11D3-BF4B-00C04F79EFBC}") = "App2", "App2\App2\App2.csproj", "{7FDBC0B4-0022-43E3-B64E-C7BF226A5581}"
EndProject
Global
	GlobalSection(SolutionConfigurationPlatforms) = preSolution
		Debug|Any CPU = Debug|Any CPU
		Debug|iPhone = Debug|iPhone
		Debug|iPhoneSimulator = Debug|iPhoneSimulator
		Release|Any CPU = Release|Any CPU
		Release|iPhone = Release|iPhone
		Release|iPhoneSimulator = Release|iPhoneSimulator
	EndGlobalSection
	GlobalSection(ProjectConfigurationPlatforms) = postSolution
		{3353CB33-6C58-46DB-BBE7-800C6495F085}.Debug|Any CPU.ActiveCfg = Debug|Any CPU
		{3353CB33-6C58-46DB-BBE7-800C6495F085}.Debug|Any CPU.Build.0 = Debug|Any CPU
		{3353CB33-6C58-46DB-BBE7-800C6495F085}.Debug|Any CPU.Deploy.0 = Debug|Any CPU
		{3353CB33-6C58-46DB-BBE7-800C6495F085}.Debug|iPhone.ActiveCfg = Debug|Any CPU
		{3353CB33-6C58-46DB-BBE7-800C6495F085}.Debug|iPhone.Build.0 = Debug|Any CPU
		{3353CB33-6C58-46DB-BBE7-800C6495F085}.Debug|iPhone.Deploy.0 = Debug|Any CPU
		{3353CB33-6C58-46DB-BBE7-800C6495F085}.Debug|iPhoneSimulator.ActiveCfg = Debug|Any CPU
		{3353CB33-6C58-46DB-BBE7-800C6495F085}.Debug|iPhoneSimulator.Build.0 = Debug|Any CPU
		{3353CB33-6C58-46DB-BBE7-800C6495F085}.Debug|iPhoneSimulator.Deploy.0 = Debug|Any CPU
		{3353CB33-6C58-46DB-BBE7-800C6495F085}.Release|Any CPU.ActiveCfg = Release|Any CPU
		{3353CB33-6C58-46DB-BBE7-800C6495F085}.Release|Any CPU.Build.0 = Release|Any CPU
		{3353CB33-6C58-46DB-BBE7-800C6495F085}.Release|Any CPU.Deploy.0 = Release|Any CPU
		{3353CB33-6C58-46DB-BBE7-800C6495F085}.Release|iPhone.ActiveCfg = Release|Any CPU
		{3353CB33-6C58-46DB-BBE7-800C6495F085}.Release|iPhone.Build.0 = Release|Any CPU
		{3353CB33-6C58-46DB-BBE7-800C6495F085}.Release|iPhone.Deploy.0 = Release|Any CPU
		{3353CB33-6C58-46DB-BBE7-800C6495F085}.Release|iPhoneSimulator.ActiveCfg = Release|Any CPU
		{3353CB33-6C58-46DB-BBE7-800C6495F085}.Release|iPhoneSimulator.Build.0 = Release|Any CPU
		{3353CB33-6C58-46DB-BBE7-800C6495F085}.Release|iPhoneSimulator.Deploy.0 = Release|Any CPU
		{D95B3CA6-DB24-4AA2-A0F1-B478798EDA44}.Debug|Any CPU.ActiveCfg = Debug|iPhone
		{D95B3CA6-DB24-4AA2-A0F1-B478798EDA44}.Debug|Any CPU.Build.0 = Debug|iPhone
		{D95B3CA6-DB24-4AA2-A0F1-B478798EDA44}.Debug|Any CPU.Deploy.0 = Debug|iPhone
		{D95B3CA6-DB24-4AA2-A0F1-B478798EDA44}.Debug|iPhone.ActiveCfg = Debug|iPhone
		{D95B3CA6-DB24-4AA2-A0F1-B478798EDA44}.Debug|iPhone.Build.0 = Debug|iPhone
		{D95B3CA6-DB24-4AA2-A0F1-B478798EDA44}.Debug|iPhone.Deploy.0 = Debug|iPhone
		{D95B3CA6-DB24-4AA2-A0F1-B478798EDA44}.Debug|iPhoneSimulator.ActiveCfg = Debug|iPhoneSimulator
		{D95B3CA6-DB24-4AA2-A0F1-B478798EDA44}.Debug|iPhoneSimulator.Build.0 = Debug|iPhoneSimulator
		{D95B3CA6-DB24-4AA2-A0F1-B478798EDA44}.Debug|iPhoneSimulator.Deploy.0 = Debug|iPhoneSimulator
		{D95B3CA6-DB24-4AA2-A0F1-B478798EDA44}.Release|Any CPU.ActiveCfg = Release|iPhoneSimulator
		{D95B3CA6-DB24-4AA2-A0F1-B478798EDA44}.Release|Any CPU.Build.0 = Release|iPhoneSimulator
		{D95B3CA6-DB24-4AA2-A0F1-B478798EDA44}.Release|Any CPU.Deploy.0 = Release|iPhoneSimulator
		{D95B3CA6-DB24-4AA2-A0F1-B478798EDA44}.Release|iPhone.ActiveCfg = Release|iPhone
		{D95B3CA6-DB24-4AA2-A0F1-B478798EDA44}.Release|iPhone.Build.0 = Release|iPhone
		{D95B3CA6-DB24-4AA2-A0F1-B478798EDA44}.Release|iPhone.Deploy.0 = Release|iPhone
		{D95B3CA6-DB24-4AA2-A0F1-B478798EDA44}.Release|iPhoneSimulator.ActiveCfg = Release|iPhoneSimulator
		{D95B3CA6-DB24-4AA2-A0F1-B478798EDA44}.Release|iPhoneSimulator.Build.0 = Release|iPhoneSimulator
		{D95B3CA6-DB24-4AA2-A0F1-B478798EDA44}.Release|iPhoneSimulator.Deploy.0 = Release|iPhoneSimulator
		{7FDBC0B4-0022-43E3-B64E-C7BF226A5581}.Debug|Any CPU.ActiveCfg = Debug|Any CPU
		{7FDBC0B4-0022-43E3-B64E-C7BF226A5581}.Debug|Any CPU.Build.0 = Debug|Any CPU
		{7FDBC0B4-0022-43E3-B64E-C7BF226A5581}.Debug|Any CPU.Deploy.0 = Debug|Any CPU
		{7FDBC0B4-0022-43E3-B64E-C7BF226A5581}.Debug|iPhone.ActiveCfg = Debug|Any CPU
		{7FDBC0B4-0022-43E3-B64E-C7BF226A5581}.Debug|iPhone.Build.0 = Debug|Any CPU
		{7FDBC0B4-0022-43E3-B64E-C7BF226A5581}.Debug|iPhone.Deploy.0 = Debug|Any CPU
		{7FDBC0B4-0022-43E3-B64E-C7BF226A5581}.Debug|iPhoneSimulator.ActiveCfg = Debug|Any CPU
		{7FDBC0B4-0022-43E3-B64E-C7BF226A5581}.Debug|iPhoneSimulator.Build.0 = Debug|Any CPU
		{7FDBC0B4-0022-43E3-B64E-C7BF226A5581}.Debug|iPhoneSimulator.Deploy.0 = Debug|Any CPU
		{7FDBC0B4-0022-43E3-B64E-C7BF226A5581}.Release|Any CPU.ActiveCfg = Release|Any CPU
		{7FDBC0B4-0022-43E3-B64E-C7BF226A5581}.Release|Any CPU.Build.0 = Release|Any CPU
		{7FDBC0B4-0022-43E3-B64E-C7BF226A5581}.Release|Any CPU.Deploy.0 = Release|Any CPU
		{7FDBC0B4-0022-43E3-B64E-C7BF226A5581}.Release|iPhone.ActiveCfg = Release|Any CPU
		{7FDBC0B4-0022-43E3-B64E-C7BF226A5581}.Release|iPhone.Build.0 = Release|Any CPU
		{7FDBC0B4-0022-43E3-B64E-C7BF226A5581}.Release|iPhone.Deploy.0 = Release|Any CPU
		{7FDBC0B4-0022-43E3-B64E-C7BF226A5581}.Release|iPhoneSimulator.ActiveCfg = Release|Any CPU
		{7FDBC0B4-0022-43E3-B64E-C7BF226A5581}.Release|iPhoneSimulator.Build.0 = Release|Any CPU
		{7FDBC0B4-0022-43E3-B64E-C7BF226A5581}.Release|iPhoneSimulator.Deploy.0 = Release|Any CPU
	EndGlobalSection
	GlobalSection(SolutionProperties) = preSolution
		HideSolutionNode = FALSE
	EndGlobalSection
	GlobalSection(ExtensibilityGlobals) = postSolution
		SolutionGuid = {D3FF93F3-FE29-43D2-9ABA-C8B32E76A68E}
	EndGlobalSection
EndGlobal
